
Microsoft Visual Studio Solution File, Format Version 12.00
# Visual Studio 15
VisualStudioVersion = 15.0.27004.2006
MinimumVisualStudioVersion = 10.0.40219.1
Project("{2150E333-8FDC-42A3-9474-1A3956D46DE8}") = "Solution Items", "Solution Items", "{DB7CE5B5-5A8C-4AD6-93AB-A2892FF66344}"
EndProject
Project("{9A19103F-16F7-4668-BE54-9A1E7A4F7556}") = "JealousSite", "JealousSite\JealousSite.csproj", "{EAD58E83-C5FA-4314-BEB3-40214F3B16B3}"
EndProject
Global
	GlobalSection(SolutionConfigurationPlatforms) = preSolution
		Debug|Any CPU = Debug|Any CPU
		Release|Any CPU = Release|Any CPU
	EndGlobalSection
	GlobalSection(ProjectConfigurationPlatforms) = postSolution
		{EAD58E83-C5FA-4314-BEB3-40214F3B16B3}.Debug|Any CPU.ActiveCfg = Debug|Any CPU
		{EAD58E83-C5FA-4314-BEB3-40214F3B16B3}.Debug|Any CPU.Build.0 = Debug|Any CPU
		{EAD58E83-C5FA-4314-BEB3-40214F3B16B3}.Release|Any CPU.ActiveCfg = Release|Any CPU
		{EAD58E83-C5FA-4314-BEB3-40214F3B16B3}.Release|Any CPU.Build.0 = Release|Any CPU
	EndGlobalSection
	GlobalSection(SolutionProperties) = preSolution
		HideSolutionNode = FALSE
	EndGlobalSection
	GlobalSection(ExtensibilityGlobals) = postSolution
		SolutionGuid = {FEB2DDB8-BB25-4EA3-9CDB-EAB42F8767DF}
	EndGlobalSection
EndGlobal
